
Microsoft Visual Studio Solution File, Format Version 12.00
# Visual Studio 14
VisualStudioVersion = 14.0.25420.1
MinimumVisualStudioVersion = 10.0.40219.1
Project("{FAE04EC0-301F-11D3-BF4B-00C04F79EFBC}") = "database", "database\database.csproj", "{ECADF49E-B3C5-47EE-8BAE-1A35EB144FA6}"
EndProject
Global
	GlobalSection(SolutionConfigurationPlatforms) = preSolution
		Debug|Any CPU = Debug|Any CPU
		Release|Any CPU = Release|Any CPU
	EndGlobalSection
	GlobalSection(ProjectConfigurationPlatforms) = postSolution
		{ECADF49E-B3C5-47EE-8BAE-1A35EB144FA6}.Debug|Any CPU.ActiveCfg = Debug|Any CPU
		{ECADF49E-B3C5-47EE-8BAE-1A35EB144FA6}.Debug|Any CPU.Build.0 = Debug|Any CPU
		{ECADF49E-B3C5-47EE-8BAE-1A35EB144FA6}.Release|Any CPU.ActiveCfg = Release|Any CPU
		{ECADF49E-B3C5-47EE-8BAE-1A35EB144FA6}.Release|Any CPU.Build.0 = Release|Any CPU
	EndGlobalSection
	GlobalSection(SolutionProperties) = preSolution
		HideSolutionNode = FALSE
	EndGlobalSection
EndGlobal
